
Microsoft Visual Studio Solution File, Format Version 12.00
# Visual Studio Version 17
VisualStudioVersion = 17.14.36511.14 d17.14
MinimumVisualStudioVersion = 10.0.40219.1
Project("{FAE04EC0-301F-11D3-BF4B-00C04F79EFBC}") = "Wisegar.Monitor", "Wisegar.Monitor.csproj", "{7C3CAE37-28FA-3A60-FC30-A44FAA9F9755}"
EndProject
Global
	GlobalSection(SolutionConfigurationPlatforms) = preSolution
		Debug|Any CPU = Debug|Any CPU
		Release|Any CPU = Release|Any CPU
	EndGlobalSection
	GlobalSection(ProjectConfigurationPlatforms) = postSolution
		{7C3CAE37-28FA-3A60-FC30-A44FAA9F9755}.Debug|Any CPU.ActiveCfg = Debug|Any CPU
		{7C3CAE37-28FA-3A60-FC30-A44FAA9F9755}.Debug|Any CPU.Build.0 = Debug|Any CPU
		{7C3CAE37-28FA-3A60-FC30-A44FAA9F9755}.Release|Any CPU.ActiveCfg = Release|Any CPU
		{7C3CAE37-28FA-3A60-FC30-A44FAA9F9755}.Release|Any CPU.Build.0 = Release|Any CPU
	EndGlobalSection
	GlobalSection(SolutionProperties) = preSolution
		HideSolutionNode = FALSE
	EndGlobalSection
	GlobalSection(ExtensibilityGlobals) = postSolution
		SolutionGuid = {B3CF7A33-47F5-4703-8EB0-8C59E6A86564}
	EndGlobalSection
EndGlobal
